
Microsoft Visual Studio Solution File, Format Version 12.00
# Visual Studio Version 17
VisualStudioVersion = 17.10.35027.167
MinimumVisualStudioVersion = 10.0.40219.1
Project("{FAE04EC0-301F-11D3-BF4B-00C04F79EFBC}") = "eTickets", "eTickets\eTickets.csproj", "{843CE63B-36FB-483C-BEA7-AF22B9A75CD3}"
EndProject
Global
	GlobalSection(SolutionConfigurationPlatforms) = preSolution
		Debug|Any CPU = Debug|Any CPU
		Release|Any CPU = Release|Any CPU
	EndGlobalSection
	GlobalSection(ProjectConfigurationPlatforms) = postSolution
		{843CE63B-36FB-483C-BEA7-AF22B9A75CD3}.Debug|Any CPU.ActiveCfg = Debug|Any CPU
		{843CE63B-36FB-483C-BEA7-AF22B9A75CD3}.Debug|Any CPU.Build.0 = Debug|Any CPU
		{843CE63B-36FB-483C-BEA7-AF22B9A75CD3}.Release|Any CPU.ActiveCfg = Release|Any CPU
		{843CE63B-36FB-483C-BEA7-AF22B9A75CD3}.Release|Any CPU.Build.0 = Release|Any CPU
	EndGlobalSection
	GlobalSection(SolutionProperties) = preSolution
		HideSolutionNode = FALSE
	EndGlobalSection
	GlobalSection(ExtensibilityGlobals) = postSolution
		SolutionGuid = {BAD9AF3F-0AF4-4CDB-9DA5-AEBF7C644E4C}
	EndGlobalSection
EndGlobal
